
Microsoft Visual Studio Solution File, Format Version 12.00
# Visual Studio Version 17
VisualStudioVersion = 17.14.37628.2 d17.14
MinimumVisualStudioVersion = 10.0.40219.1
Project("{FAE04EC0-301F-11D3-BF4B-00C04F79EFBC}") = "wt-lab1-1git-sudinko", "wt-lab1-1git-sudinko\wt-lab1-1git-sudinko.csproj", "{B6E0010C-7B09-4D86-B366-219D7534A347}"
EndProject
Global
	GlobalSection(SolutionConfigurationPlatforms) = preSolution
		Debug|Any CPU = Debug|Any CPU
		Release|Any CPU = Release|Any CPU
	EndGlobalSection
	GlobalSection(ProjectConfigurationPlatforms) = postSolution
		{B6E0010C-7B09-4D86-B366-219D7534A347}.Debug|Any CPU.ActiveCfg = Debug|Any CPU
		{B6E0010C-7B09-4D86-B366-219D7534A347}.Debug|Any CPU.Build.0 = Debug|Any CPU
		{B6E0010C-7B09-4D86-B366-219D7534A347}.Release|Any CPU.ActiveCfg = Release|Any CPU
		{B6E0010C-7B09-4D86-B366-219D7534A347}.Release|Any CPU.Build.0 = Release|Any CPU
	EndGlobalSection
	GlobalSection(SolutionProperties) = preSolution
		HideSolutionNode = FALSE
	EndGlobalSection
	GlobalSection(ExtensibilityGlobals) = postSolution
		SolutionGuid = {B22704DC-9DEC-4C1A-8BB1-0F42C974EC7C}
	EndGlobalSection
EndGlobal
